Microsoft Visual Studio Solution File, Format Version 12.00
# Visual Studio Version 17
VisualStudioVersion = 17.5.2.0
MinimumVisualStudioVersion = 10.0.40219.1
Project("{FAE04EC0-301F-11D3-BF4B-00C04F79EFBC}") = "PnachToLuaConverter", "PnachToLuaConverter\PnachToLuaConverter.csproj", "{4AE0C1FB-5D93-CEF9-0EF4-C2A879B2CFB0}"
EndProject
Global
	GlobalSection(SolutionConfigurationPlatforms) = preSolution
		Debug|Any CPU = Debug|Any CPU
		Release|Any CPU = Release|Any CPU
	EndGlobalSection
	GlobalSection(ProjectConfigurationPlatforms) = postSolution
		{4AE0C1FB-5D93-CEF9-0EF4-C2A879B2CFB0}.Debug|Any CPU.ActiveCfg = Debug|Any CPU
		{4AE0C1FB-5D93-CEF9-0EF4-C2A879B2CFB0}.Debug|Any CPU.Build.0 = Debug|Any CPU
		{4AE0C1FB-5D93-CEF9-0EF4-C2A879B2CFB0}.Release|Any CPU.ActiveCfg = Release|Any CPU
		{4AE0C1FB-5D93-CEF9-0EF4-C2A879B2CFB0}.Release|Any CPU.Build.0 = Release|Any CPU
	EndGlobalSection
	GlobalSection(SolutionProperties) = preSolution
		HideSolutionNode = FALSE
	EndGlobalSection
	GlobalSection(ExtensibilityGlobals) = postSolution
		SolutionGuid = {FE93ACB1-824D-482D-A4DB-9F22C91EEDB8}
	EndGlobalSection
EndGlobal
